
Microsoft Visual Studio Solution File, Format Version 12.00
# Visual Studio 2013
VisualStudioVersion = 12.0.40629.0
MinimumVisualStudioVersion = 10.0.40219.1
Project("{FAE04EC0-301F-11D3-BF4B-00C04F79EFBC}") = "SignalRInstantDbChangesDemo", "SignalRInstantDbChangesDemo\SignalRInstantDbChangesDemo.csproj", "{11CC1832-D8C7-47B7-BC77-6F5F0E6F69E9}"
EndProject
Project("{2150E333-8FDC-42A3-9474-1A3956D46DE8}") = ".nuget", ".nuget", "{B3D5D427-9DDB-4501-BD15-4056B65572CA}"
	ProjectSection(SolutionItems) = preProject
		.nuget\packages.config = .nuget\packages.config
	EndProjectSection
EndProject
Project("{FAE04EC0-301F-11D3-BF4B-00C04F79EFBC}") = "Hartalega.FloorSystem.Framework", "..\..\..\Users\teoh.ws\Source\Floor System\Release\Hartalega.FloorSystem.Framework\Hartalega.FloorSystem.Framework.csproj", "{C58265AF-4F65-404A-ACDC-CDF77B7C937A}"
EndProject
Global
	GlobalSection(SolutionConfigurationPlatforms) = preSolution
		Debug|Any CPU = Debug|Any CPU
		Production|Any CPU = Production|Any CPU
		QA|Any CPU = QA|Any CPU
		Release|Any CPU = Release|Any CPU
		SIT|Any CPU = SIT|Any CPU
		UAT|Any CPU = UAT|Any CPU
	EndGlobalSection
	GlobalSection(ProjectConfigurationPlatforms) = postSolution
		{11CC1832-D8C7-47B7-BC77-6F5F0E6F69E9}.Debug|Any CPU.ActiveCfg = Debug|Any CPU
		{11CC1832-D8C7-47B7-BC77-6F5F0E6F69E9}.Debug|Any CPU.Build.0 = Debug|Any CPU
		{11CC1832-D8C7-47B7-BC77-6F5F0E6F69E9}.Production|Any CPU.ActiveCfg = Release|Any CPU
		{11CC1832-D8C7-47B7-BC77-6F5F0E6F69E9}.Production|Any CPU.Build.0 = Release|Any CPU
		{11CC1832-D8C7-47B7-BC77-6F5F0E6F69E9}.QA|Any CPU.ActiveCfg = Release|Any CPU
		{11CC1832-D8C7-47B7-BC77-6F5F0E6F69E9}.QA|Any CPU.Build.0 = Release|Any CPU
		{11CC1832-D8C7-47B7-BC77-6F5F0E6F69E9}.Release|Any CPU.ActiveCfg = Release|Any CPU
		{11CC1832-D8C7-47B7-BC77-6F5F0E6F69E9}.Release|Any CPU.Build.0 = Release|Any CPU
		{11CC1832-D8C7-47B7-BC77-6F5F0E6F69E9}.SIT|Any CPU.ActiveCfg = Release|Any CPU
		{11CC1832-D8C7-47B7-BC77-6F5F0E6F69E9}.SIT|Any CPU.Build.0 = Release|Any CPU
		{11CC1832-D8C7-47B7-BC77-6F5F0E6F69E9}.UAT|Any CPU.ActiveCfg = Release|Any CPU
		{11CC1832-D8C7-47B7-BC77-6F5F0E6F69E9}.UAT|Any CPU.Build.0 = Release|Any CPU
		{C58265AF-4F65-404A-ACDC-CDF77B7C937A}.Debug|Any CPU.ActiveCfg = Debug|Any CPU
		{C58265AF-4F65-404A-ACDC-CDF77B7C937A}.Debug|Any CPU.Build.0 = Debug|Any CPU
		{C58265AF-4F65-404A-ACDC-CDF77B7C937A}.Production|Any CPU.ActiveCfg = Production|Any CPU
		{C58265AF-4F65-404A-ACDC-CDF77B7C937A}.Production|Any CPU.Build.0 = Production|Any CPU
		{C58265AF-4F65-404A-ACDC-CDF77B7C937A}.QA|Any CPU.ActiveCfg = QA|Any CPU
		{C58265AF-4F65-404A-ACDC-CDF77B7C937A}.QA|Any CPU.Build.0 = QA|Any CPU
		{C58265AF-4F65-404A-ACDC-CDF77B7C937A}.Release|Any CPU.ActiveCfg = Release|Any CPU
		{C58265AF-4F65-404A-ACDC-CDF77B7C937A}.Release|Any CPU.Build.0 = Release|Any CPU
		{C58265AF-4F65-404A-ACDC-CDF77B7C937A}.SIT|Any CPU.ActiveCfg = SIT|Any CPU
		{C58265AF-4F65-404A-ACDC-CDF77B7C937A}.SIT|Any CPU.Build.0 = SIT|Any CPU
		{C58265AF-4F65-404A-ACDC-CDF77B7C937A}.UAT|Any CPU.ActiveCfg = UAT|Any CPU
		{C58265AF-4F65-404A-ACDC-CDF77B7C937A}.UAT|Any CPU.Build.0 = UAT|Any CPU
	EndGlobalSection
	GlobalSection(SolutionProperties) = preSolution
		HideSolutionNode = FALSE
	EndGlobalSection
EndGlobal
